
Microsoft Visual Studio Solution File, Format Version 12.00
# Visual Studio Version 17
VisualStudioVersion = 17.4.33205.214
MinimumVisualStudioVersion = 10.0.40219.1
Project("{FAE04EC0-301F-11D3-BF4B-00C04F79EFBC}") = "BlazorSVGDemo", "BlazorSVGDemo\BlazorSVGDemo.csproj", "{B2F830B7-844F-4B31-9ED9-4662C3D21E65}"
EndProject
Project("{FAE04EC0-301F-11D3-BF4B-00C04F79EFBC}") = "SvgLibrary", "SvgLibrary\SvgLibrary.csproj", "{9598BA2D-9317-479A-9482-3898FAF8E62B}"
EndProject
Global
	GlobalSection(SolutionConfigurationPlatforms) = preSolution
		Debug|Any CPU = Debug|Any CPU
		Release|Any CPU = Release|Any CPU
	EndGlobalSection
	GlobalSection(ProjectConfigurationPlatforms) = postSolution
		{B2F830B7-844F-4B31-9ED9-4662C3D21E65}.Debug|Any CPU.ActiveCfg = Debug|Any CPU
		{B2F830B7-844F-4B31-9ED9-4662C3D21E65}.Debug|Any CPU.Build.0 = Debug|Any CPU
		{B2F830B7-844F-4B31-9ED9-4662C3D21E65}.Release|Any CPU.ActiveCfg = Release|Any CPU
		{B2F830B7-844F-4B31-9ED9-4662C3D21E65}.Release|Any CPU.Build.0 = Release|Any CPU
		{9598BA2D-9317-479A-9482-3898FAF8E62B}.Debug|Any CPU.ActiveCfg = Debug|Any CPU
		{9598BA2D-9317-479A-9482-3898FAF8E62B}.Debug|Any CPU.Build.0 = Debug|Any CPU
		{9598BA2D-9317-479A-9482-3898FAF8E62B}.Release|Any CPU.ActiveCfg = Release|Any CPU
		{9598BA2D-9317-479A-9482-3898FAF8E62B}.Release|Any CPU.Build.0 = Release|Any CPU
	EndGlobalSection
	GlobalSection(SolutionProperties) = preSolution
		HideSolutionNode = FALSE
	EndGlobalSection
	GlobalSection(ExtensibilityGlobals) = postSolution
		SolutionGuid = {075A6BF6-1450-40E2-9CC4-3F19ADCA9412}
	EndGlobalSection
EndGlobal
